
Microsoft Visual Studio Solution File, Format Version 12.00
# Visual Studio Version 16
VisualStudioVersion = 16.0.32630.194
MinimumVisualStudioVersion = 10.0.40219.1
Project("{FAE04EC0-301F-11D3-BF4B-00C04F79EFBC}") = "CrudUsingEentityFramWork", "CrudUsingEentityFramWork\CrudUsingEentityFramWork.csproj", "{B3847030-D143-495A-AD32-965BA819E288}"
EndProject
Global
	GlobalSection(SolutionConfigurationPlatforms) = preSolution
		Debug|Any CPU = Debug|Any CPU
		Release|Any CPU = Release|Any CPU
	EndGlobalSection
	GlobalSection(ProjectConfigurationPlatforms) = postSolution
		{B3847030-D143-495A-AD32-965BA819E288}.Debug|Any CPU.ActiveCfg = Debug|Any CPU
		{B3847030-D143-495A-AD32-965BA819E288}.Debug|Any CPU.Build.0 = Debug|Any CPU
		{B3847030-D143-495A-AD32-965BA819E288}.Release|Any CPU.ActiveCfg = Release|Any CPU
		{B3847030-D143-495A-AD32-965BA819E288}.Release|Any CPU.Build.0 = Release|Any CPU
	EndGlobalSection
	GlobalSection(SolutionProperties) = preSolution
		HideSolutionNode = FALSE
	EndGlobalSection
	GlobalSection(ExtensibilityGlobals) = postSolution
		SolutionGuid = {DDF3B4DD-2630-4D37-8E6B-F49BE94A7010}
	EndGlobalSection
EndGlobal
